
Microsoft Visual Studio Solution File, Format Version 12.00
# Visual Studio Version 16
VisualStudioVersion = 16.0.30717.126
MinimumVisualStudioVersion = 10.0.40219.1
Project("{FAE04EC0-301F-11D3-BF4B-00C04F79EFBC}") = "Vistas", "Vistas\Vistas.csproj", "{15857FE2-D45B-4563-866E-4CD8D125BA0C}"
EndProject
Project("{FAE04EC0-301F-11D3-BF4B-00C04F79EFBC}") = "Modelo", "..\Modelo\Modelo\Modelo.csproj", "{728A7370-FB1B-491F-B9FC-0A6C356C9B90}"
EndProject
Project("{FAE04EC0-301F-11D3-BF4B-00C04F79EFBC}") = "Controlador", "..\Controlador\Controlador\Controlador.csproj", "{862891C5-85BA-4095-A4A4-460269DA8CC8}"
EndProject
Global
	GlobalSection(SolutionConfigurationPlatforms) = preSolution
		Debug|Any CPU = Debug|Any CPU
		Release|Any CPU = Release|Any CPU
	EndGlobalSection
	GlobalSection(ProjectConfigurationPlatforms) = postSolution
		{15857FE2-D45B-4563-866E-4CD8D125BA0C}.Debug|Any CPU.ActiveCfg = Debug|Any CPU
		{15857FE2-D45B-4563-866E-4CD8D125BA0C}.Debug|Any CPU.Build.0 = Debug|Any CPU
		{15857FE2-D45B-4563-866E-4CD8D125BA0C}.Release|Any CPU.ActiveCfg = Release|Any CPU
		{15857FE2-D45B-4563-866E-4CD8D125BA0C}.Release|Any CPU.Build.0 = Release|Any CPU
		{728A7370-FB1B-491F-B9FC-0A6C356C9B90}.Debug|Any CPU.ActiveCfg = Debug|Any CPU
		{728A7370-FB1B-491F-B9FC-0A6C356C9B90}.Debug|Any CPU.Build.0 = Debug|Any CPU
		{728A7370-FB1B-491F-B9FC-0A6C356C9B90}.Release|Any CPU.ActiveCfg = Release|Any CPU
		{728A7370-FB1B-491F-B9FC-0A6C356C9B90}.Release|Any CPU.Build.0 = Release|Any CPU
		{862891C5-85BA-4095-A4A4-460269DA8CC8}.Debug|Any CPU.ActiveCfg = Debug|Any CPU
		{862891C5-85BA-4095-A4A4-460269DA8CC8}.Debug|Any CPU.Build.0 = Debug|Any CPU
		{862891C5-85BA-4095-A4A4-460269DA8CC8}.Release|Any CPU.ActiveCfg = Release|Any CPU
		{862891C5-85BA-4095-A4A4-460269DA8CC8}.Release|Any CPU.Build.0 = Release|Any CPU
	EndGlobalSection
	GlobalSection(SolutionProperties) = preSolution
		HideSolutionNode = FALSE
	EndGlobalSection
	GlobalSection(ExtensibilityGlobals) = postSolution
		SolutionGuid = {F32E682C-99C5-4E08-B0F7-A7CC7E272E96}
	EndGlobalSection
EndGlobal
