
Microsoft Visual Studio Solution File, Format Version 12.00
# Visual Studio Version 16
VisualStudioVersion = 16.0.30717.126
MinimumVisualStudioVersion = 10.0.40219.1
Project("{FAE04EC0-301F-11D3-BF4B-00C04F79EFBC}") = "Controlador", "Controlador\Controlador.csproj", "{862891C5-85BA-4095-A4A4-460269DA8CC8}"
EndProject
Project("{FAE04EC0-301F-11D3-BF4B-00C04F79EFBC}") = "Modelo", "..\Modelo\Modelo\Modelo.csproj", "{728A7370-FB1B-491F-B9FC-0A6C356C9B90}"
EndProject
Global
	GlobalSection(SolutionConfigurationPlatforms) = preSolution
		Debug|Any CPU = Debug|Any CPU
		Release|Any CPU = Release|Any CPU
	EndGlobalSection
	GlobalSection(ProjectConfigurationPlatforms) = postSolution
		{862891C5-85BA-4095-A4A4-460269DA8CC8}.Debug|Any CPU.ActiveCfg = Debug|Any CPU
		{862891C5-85BA-4095-A4A4-460269DA8CC8}.Debug|Any CPU.Build.0 = Debug|Any CPU
		{862891C5-85BA-4095-A4A4-460269DA8CC8}.Release|Any CPU.ActiveCfg = Release|Any CPU
		{862891C5-85BA-4095-A4A4-460269DA8CC8}.Release|Any CPU.Build.0 = Release|Any CPU
		{728A7370-FB1B-491F-B9FC-0A6C356C9B90}.Debug|Any CPU.ActiveCfg = Debug|Any CPU
		{728A7370-FB1B-491F-B9FC-0A6C356C9B90}.Debug|Any CPU.Build.0 = Debug|Any CPU
		{728A7370-FB1B-491F-B9FC-0A6C356C9B90}.Release|Any CPU.ActiveCfg = Release|Any CPU
		{728A7370-FB1B-491F-B9FC-0A6C356C9B90}.Release|Any CPU.Build.0 = Release|Any CPU
	EndGlobalSection
	GlobalSection(SolutionProperties) = preSolution
		HideSolutionNode = FALSE
	EndGlobalSection
	GlobalSection(ExtensibilityGlobals) = postSolution
		SolutionGuid = {600B8D74-C685-4255-90C0-AEEEBC12BA43}
	EndGlobalSection
EndGlobal
